
Microsoft Visual Studio Solution File, Format Version 12.00
# Visual Studio 2013
VisualStudioVersion = 12.0.31101.0
MinimumVisualStudioVersion = 10.0.40219.1
Project("{FAE04EC0-301F-11D3-BF4B-00C04F79EFBC}") = "OddorEven", "OddorEven\OddorEven.csproj", "{DE0A3456-BF7D-467F-8159-12CFE17107D5}"
EndProject
Global
	GlobalSection(SolutionConfigurationPlatforms) = preSolution
		Debug|Any CPU = Debug|Any CPU
		Release|Any CPU = Release|Any CPU
	EndGlobalSection
	GlobalSection(ProjectConfigurationPlatforms) = postSolution
		{DE0A3456-BF7D-467F-8159-12CFE17107D5}.Debug|Any CPU.ActiveCfg = Debug|Any CPU
		{DE0A3456-BF7D-467F-8159-12CFE17107D5}.Debug|Any CPU.Build.0 = Debug|Any CPU
		{DE0A3456-BF7D-467F-8159-12CFE17107D5}.Release|Any CPU.ActiveCfg = Release|Any CPU
		{DE0A3456-BF7D-467F-8159-12CFE17107D5}.Release|Any CPU.Build.0 = Release|Any CPU
	EndGlobalSection
	GlobalSection(SolutionProperties) = preSolution
		HideSolutionNode = FALSE
	EndGlobalSection
EndGlobal
