
Microsoft Visual Studio Solution File, Format Version 12.00
# Visual Studio 2013
VisualStudioVersion = 12.0.31101.0
MinimumVisualStudioVersion = 10.0.40219.1
Project("{FAE04EC0-301F-11D3-BF4B-00C04F79EFBC}") = "NumbersOneToN", "NumbersOneToN\NumbersOneToN.csproj", "{605FBB31-F9E8-4EEF-8D90-A6FF1705FC5F}"
EndProject
Global
	GlobalSection(SolutionConfigurationPlatforms) = preSolution
		Debug|Any CPU = Debug|Any CPU
		Release|Any CPU = Release|Any CPU
	EndGlobalSection
	GlobalSection(ProjectConfigurationPlatforms) = postSolution
		{605FBB31-F9E8-4EEF-8D90-A6FF1705FC5F}.Debug|Any CPU.ActiveCfg = Debug|Any CPU
		{605FBB31-F9E8-4EEF-8D90-A6FF1705FC5F}.Debug|Any CPU.Build.0 = Debug|Any CPU
		{605FBB31-F9E8-4EEF-8D90-A6FF1705FC5F}.Release|Any CPU.ActiveCfg = Release|Any CPU
		{605FBB31-F9E8-4EEF-8D90-A6FF1705FC5F}.Release|Any CPU.Build.0 = Release|Any CPU
	EndGlobalSection
	GlobalSection(SolutionProperties) = preSolution
		HideSolutionNode = FALSE
	EndGlobalSection
EndGlobal
