
Microsoft Visual Studio Solution File, Format Version 12.00
# Visual Studio 2013
VisualStudioVersion = 12.0.31101.0
MinimumVisualStudioVersion = 10.0.40219.1
Project("{FAE04EC0-301F-11D3-BF4B-00C04F79EFBC}") = "FourDigitNumber", "FourDigitNumber\FourDigitNumber.csproj", "{AC299259-E30C-416E-9FD1-D9A43FFD592F}"
EndProject
Global
	GlobalSection(SolutionConfigurationPlatforms) = preSolution
		Debug|Any CPU = Debug|Any CPU
		Release|Any CPU = Release|Any CPU
	EndGlobalSection
	GlobalSection(ProjectConfigurationPlatforms) = postSolution
		{AC299259-E30C-416E-9FD1-D9A43FFD592F}.Debug|Any CPU.ActiveCfg = Debug|Any CPU
		{AC299259-E30C-416E-9FD1-D9A43FFD592F}.Debug|Any CPU.Build.0 = Debug|Any CPU
		{AC299259-E30C-416E-9FD1-D9A43FFD592F}.Release|Any CPU.ActiveCfg = Release|Any CPU
		{AC299259-E30C-416E-9FD1-D9A43FFD592F}.Release|Any CPU.Build.0 = Release|Any CPU
	EndGlobalSection
	GlobalSection(SolutionProperties) = preSolution
		HideSolutionNode = FALSE
	EndGlobalSection
EndGlobal
